// !$*UTF8*$!
{
	archiveVersion = 1;
	classes = {
	};
	objectVersion = 45;
	objects = {

/* Begin PBXBuildFile section */
		1819FE2E0DEF0C6300138068 /* SocialPeopleTableViewController.m in Sources */ = {isa = PBXBuildFile; fileRef = 1819FE2D0DEF0C6300138068 /* SocialPeopleTableViewController.m */; };
		1819FE390DEF0CB700138068 /* AddressBook.framework in Frameworks */ = {isa = PBXBuildFile; fileRef = 1819FE360DEF0CB700138068 /* AddressBook.framework */; };
		1819FE3A0DEF0CB700138068 /* AddressBookUI.framework in Frameworks */ = {isa = PBXBuildFile; fileRef = 1819FE370DEF0CB700138068 /* AddressBookUI.framework */; };
		1819FE3B0DEF0CB700138068 /* CoreGraphics.framework in Frameworks */ = {isa = PBXBuildFile; fileRef = 1819FE380DEF0CB700138068 /* CoreGraphics.framework */; };
		181BAECA0DECE49D00C4C494 /* SocialBookWebService.m in Sources */ = {isa = PBXBuildFile; fileRef = 181BAEC90DECE49D00C4C494 /* SocialBookWebService.m */; };
		181BAECF0DECE77F00C4C494 /* WebPerson.m in Sources */ = {isa = PBXBuildFile; fileRef = 181BAECE0DECE77F00C4C494 /* WebPerson.m */; };
		1D3623260D0F684500981E51 /* SocialBookAppDelegate.m in Sources */ = {isa = PBXBuildFile; fileRef = 1D3623250D0F684500981E51 /* SocialBookAppDelegate.m */; };
		1D60589B0D05DD56006BFB54 /* main.m in Sources */ = {isa = PBXBuildFile; fileRef = 29B97316FDCFA39411CA2CEA /* main.m */; };
		1D60589F0D05DD5A006BFB54 /* Foundation.framework in Frameworks */ = {isa = PBXBuildFile; fileRef = 1D30AB110D05D00D00671497 /* Foundation.framework */; };
		1DF5F4E00D08C38300B7A737 /* UIKit.framework in Frameworks */ = {isa = PBXBuildFile; fileRef = 1DF5F4DF0D08C38300B7A737 /* UIKit.framework */; };
		28AD733F0D9D9553002E5188 /* MainWindow.xib in Resources */ = {isa = PBXBuildFile; fileRef = 28AD733E0D9D9553002E5188 /* MainWindow.xib */; };
		8C3371161225DF5000BD89A7 /* PersonTests.m in Sources */ = {isa = PBXBuildFile; fileRef = 8C3371151225DF5000BD89A7 /* PersonTests.m */; };
		8C33715D1225E0E900BD89A7 /* WebPerson.m in Sources */ = {isa = PBXBuildFile; fileRef = 181BAECE0DECE77F00C4C494 /* WebPerson.m */; };
/* End PBXBuildFile section */

/* Begin PBXContainerItemProxy section */
		8C8095261225CC27005C707E /* PBXContainerItemProxy */ = {
			isa = PBXContainerItemProxy;
			containerPortal = 29B97313FDCFA39411CA2CEA /* Project object */;
			proxyType = 1;
			remoteGlobalIDString = 1D6058900D05DD3D006BFB54;
			remoteInfo = SocialBook;
		};
/* End PBXContainerItemProxy section */

/* Begin PBXFileReference section */
		1819FE2C0DEF0C6300138068 /* SocialPeopleTableViewController.h */ = {isa = PBXFileReference; fileEncoding = 4; lastKnownFileType = sourcecode.c.h; path = SocialPeopleTableViewController.h; sourceTree = "<group>"; };
		1819FE2D0DEF0C6300138068 /* SocialPeopleTableViewController.m */ = {isa = PBXFileReference; fileEncoding = 4; lastKnownFileType = sourcecode.c.objc; path = SocialPeopleTableViewController.m; sourceTree = "<group>"; };
		1819FE360DEF0CB700138068 /* AddressBook.framework */ = {isa = PBXFileReference; lastKnownFileType = wrapper.framework; name = AddressBook.framework; path = System/Library/Frameworks/AddressBook.framework; sourceTree = SDKROOT; };
		1819FE370DEF0CB700138068 /* AddressBookUI.framework */ = {isa = PBXFileReference; lastKnownFileType = wrapper.framework; name = AddressBookUI.framework; path = System/Library/Frameworks/AddressBookUI.framework; sourceTree = SDKROOT; };
		1819FE380DEF0CB700138068 /* CoreGraphics.framework */ = {isa = PBXFileReference; lastKnownFileType = wrapper.framework; name = CoreGraphics.framework; path = System/Library/Frameworks/CoreGraphics.framework; sourceTree = SDKROOT; };
		181BAEC80DECE49D00C4C494 /* SocialBookWebService.h */ = {isa = PBXFileReference; fileEncoding = 4; lastKnownFileType = sourcecode.c.h; path = SocialBookWebService.h; sourceTree = "<group>"; };
		181BAEC90DECE49D00C4C494 /* SocialBookWebService.m */ = {isa = PBXFileReference; fileEncoding = 4; lastKnownFileType = sourcecode.c.objc; path = SocialBookWebService.m; sourceTree = "<group>"; };
		181BAECD0DECE77F00C4C494 /* WebPerson.h */ = {isa = PBXFileReference; fileEncoding = 4; lastKnownFileType = sourcecode.c.h; path = WebPerson.h; sourceTree = "<group>"; };
		181BAECE0DECE77F00C4C494 /* WebPerson.m */ = {isa = PBXFileReference; fileEncoding = 4; lastKnownFileType = sourcecode.c.objc; path = WebPerson.m; sourceTree = "<group>"; };
		1D30AB110D05D00D00671497 /* Foundation.framework */ = {isa = PBXFileReference; lastKnownFileType = wrapper.framework; name = Foundation.framework; path = System/Library/Frameworks/Foundation.framework; sourceTree = SDKROOT; };
		1D3623240D0F684500981E51 /* SocialBookAppDelegate.h */ = {isa = PBXFileReference; fileEncoding = 4; lastKnownFileType = sourcecode.c.h; path = SocialBookAppDelegate.h; sourceTree = "<group>"; };
		1D3623250D0F684500981E51 /* SocialBookAppDelegate.m */ = {isa = PBXFileReference; fileEncoding = 4; lastKnownFileType = sourcecode.c.objc; path = SocialBookAppDelegate.m; sourceTree = "<group>"; };
		1D6058910D05DD3D006BFB54 /* SocialBook.app */ = {isa = PBXFileReference; explicitFileType = wrapper.application; includeInIndex = 0; path = SocialBook.app; sourceTree = BUILT_PRODUCTS_DIR; };
		1DF5F4DF0D08C38300B7A737 /* UIKit.framework */ = {isa = PBXFileReference; lastKnownFileType = wrapper.framework; name = UIKit.framework; path = System/Library/Frameworks/UIKit.framework; sourceTree = SDKROOT; };
		28AD733E0D9D9553002E5188 /* MainWindow.xib */ = {isa = PBXFileReference; lastKnownFileType = file.xib; path = MainWindow.xib; sourceTree = "<group>"; };
		29B97316FDCFA39411CA2CEA /* main.m */ = {isa = PBXFileReference; fileEncoding = 4; lastKnownFileType = sourcecode.c.objc; path = main.m; sourceTree = "<group>"; };
		32CA4F630368D1EE00C91783 /* SocialBook_Prefix.pch */ = {isa = PBXFileReference; fileEncoding = 4; lastKnownFileType = sourcecode.c.h; path = SocialBook_Prefix.pch; sourceTree = "<group>"; };
		8C3371141225DF5000BD89A7 /* PersonTests.h */ = {isa = PBXFileReference; fileEncoding = 4; lastKnownFileType = sourcecode.c.h; path = PersonTests.h; sourceTree = "<group>"; };
		8C3371151225DF5000BD89A7 /* PersonTests.m */ = {isa = PBXFileReference; fileEncoding = 4; lastKnownFileType = sourcecode.c.objc; path = PersonTests.m; sourceTree = "<group>"; };
		8C8095211225CBC1005C707E /* UnitTests.octest */ = {isa = PBXFileReference; explicitFileType = wrapper.cfbundle; includeInIndex = 0; path = UnitTests.octest; sourceTree = BUILT_PRODUCTS_DIR; };
		8C8095221225CBC1005C707E /* UnitTests-Info.plist */ = {isa = PBXFileReference; lastKnownFileType = text.plist.xml; path = "UnitTests-Info.plist"; sourceTree = "<group>"; };
		8D1107310486CEB800E47090 /* Info.plist */ = {isa = PBXFileReference; fileEncoding = 4; lastKnownFileType = text.plist.xml; path = Info.plist; sourceTree = "<group>"; };
/* End PBXFileReference section */

/* Begin PBXFrameworksBuildPhase section */
		1D60588F0D05DD3D006BFB54 /* Frameworks */ = {
			isa = PBXFrameworksBuildPhase;
			buildActionMask = 2147483647;
			files = (
				1D60589F0D05DD5A006BFB54 /* Foundation.framework in Frameworks */,
				1DF5F4E00D08C38300B7A737 /* UIKit.framework in Frameworks */,
				1819FE390DEF0CB700138068 /* AddressBook.framework in Frameworks */,
				1819FE3A0DEF0CB700138068 /* AddressBookUI.framework in Frameworks */,
				1819FE3B0DEF0CB700138068 /* CoreGraphics.framework in Frameworks */,
			);
			runOnlyForDeploymentPostprocessing = 0;
		};
		8C80951E1225CBC1005C707E /* Frameworks */ = {
			isa = PBXFrameworksBuildPhase;
			buildActionMask = 2147483647;
			files = (
			);
			runOnlyForDeploymentPostprocessing = 0;
		};
/* End PBXFrameworksBuildPhase section */

/* Begin PBXGroup section */
		080E96DDFE201D6D7F000001 /* Classes */ = {
			isa = PBXGroup;
			children = (
				1D3623240D0F684500981E51 /* SocialBookAppDelegate.h */,
				1D3623250D0F684500981E51 /* SocialBookAppDelegate.m */,
				1819FE2C0DEF0C6300138068 /* SocialPeopleTableViewController.h */,
				1819FE2D0DEF0C6300138068 /* SocialPeopleTableViewController.m */,
			);
			path = Classes;
			sourceTree = "<group>";
		};
		181BAECB0DECE4A400C4C494 /* WebService */ = {
			isa = PBXGroup;
			children = (
				181BAECD0DECE77F00C4C494 /* WebPerson.h */,
				181BAECE0DECE77F00C4C494 /* WebPerson.m */,
				181BAEC80DECE49D00C4C494 /* SocialBookWebService.h */,
				181BAEC90DECE49D00C4C494 /* SocialBookWebService.m */,
			);
			name = WebService;
			sourceTree = "<group>";
		};
		19C28FACFE9D520D11CA2CBB /* Products */ = {
			isa = PBXGroup;
			children = (
				1D6058910D05DD3D006BFB54 /* SocialBook.app */,
				8C8095211225CBC1005C707E /* UnitTests.octest */,
			);
			name = Products;
			sourceTree = "<group>";
		};
		29B97314FDCFA39411CA2CEA /* CustomTemplate */ = {
			isa = PBXGroup;
			children = (
				8C33710C1225DEE700BD89A7 /* Tests */,
				080E96DDFE201D6D7F000001 /* Classes */,
				181BAECB0DECE4A400C4C494 /* WebService */,
				29B97315FDCFA39411CA2CEA /* Other Sources */,
				29B97317FDCFA39411CA2CEA /* Resources */,
				29B97323FDCFA39411CA2CEA /* Frameworks */,
				19C28FACFE9D520D11CA2CBB /* Products */,
				8C8095221225CBC1005C707E /* UnitTests-Info.plist */,
			);
			name = CustomTemplate;
			sourceTree = "<group>";
		};
		29B97315FDCFA39411CA2CEA /* Other Sources */ = {
			isa = PBXGroup;
			children = (
				32CA4F630368D1EE00C91783 /* SocialBook_Prefix.pch */,
				29B97316FDCFA39411CA2CEA /* main.m */,
			);
			name = "Other Sources";
			sourceTree = "<group>";
		};
		29B97317FDCFA39411CA2CEA /* Resources */ = {
			isa = PBXGroup;
			children = (
				28AD733E0D9D9553002E5188 /* MainWindow.xib */,
				8D1107310486CEB800E47090 /* Info.plist */,
			);
			name = Resources;
			sourceTree = "<group>";
		};
		29B97323FDCFA39411CA2CEA /* Frameworks */ = {
			isa = PBXGroup;
			children = (
				1819FE360DEF0CB700138068 /* AddressBook.framework */,
				1819FE370DEF0CB700138068 /* AddressBookUI.framework */,
				1819FE380DEF0CB700138068 /* CoreGraphics.framework */,
				1DF5F4DF0D08C38300B7A737 /* UIKit.framework */,
				1D30AB110D05D00D00671497 /* Foundation.framework */,
			);
			name = Frameworks;
			sourceTree = "<group>";
		};
		8C33710C1225DEE700BD89A7 /* Tests */ = {
			isa = PBXGroup;
			children = (
				8C3371141225DF5000BD89A7 /* PersonTests.h */,
				8C3371151225DF5000BD89A7 /* PersonTests.m */,
			);
			name = Tests;
			sourceTree = "<group>";
		};
/* End PBXGroup section */

/* Begin PBXNativeTarget section */
		1D6058900D05DD3D006BFB54 /* SocialBook */ = {
			isa = PBXNativeTarget;
			buildConfigurationList = 1D6058960D05DD3E006BFB54 /* Build configuration list for PBXNativeTarget "SocialBook" */;
			buildPhases = (
				1D60588D0D05DD3D006BFB54 /* Resources */,
				1D60588E0D05DD3D006BFB54 /* Sources */,
				1D60588F0D05DD3D006BFB54 /* Frameworks */,
			);
			buildRules = (
			);
			dependencies = (
			);
			name = SocialBook;
			productName = SocialBook;
			productReference = 1D6058910D05DD3D006BFB54 /* SocialBook.app */;
			productType = "com.apple.product-type.application";
		};
		8C8095201225CBC1005C707E /* UnitTests */ = {
			isa = PBXNativeTarget;
			buildConfigurationList = 8C8095251225CBC2005C707E /* Build configuration list for PBXNativeTarget "UnitTests" */;
			buildPhases = (
				8C80951C1225CBC1005C707E /* Resources */,
				8C80951D1225CBC1005C707E /* Sources */,
				8C80951E1225CBC1005C707E /* Frameworks */,
				8C80951F1225CBC1005C707E /* ShellScript */,
			);
			buildRules = (
			);
			dependencies = (
				8C8095271225CC27005C707E /* PBXTargetDependency */,
			);
			name = UnitTests;
			productName = UnitTests;
			productReference = 8C8095211225CBC1005C707E /* UnitTests.octest */;
			productType = "com.apple.product-type.bundle";
		};
/* End PBXNativeTarget section */

/* Begin PBXProject section */
		29B97313FDCFA39411CA2CEA /* Project object */ = {
			isa = PBXProject;
			buildConfigurationList = C01FCF4E08A954540054247B /* Build configuration list for PBXProject "SocialBook" */;
			compatibilityVersion = "Xcode 3.1";
			hasScannedForEncodings = 1;
			mainGroup = 29B97314FDCFA39411CA2CEA /* CustomTemplate */;
			projectDirPath = "";
			projectRoot = "";
			targets = (
				1D6058900D05DD3D006BFB54 /* SocialBook */,
				8C8095201225CBC1005C707E /* UnitTests */,
			);
		};
/* End PBXProject section */

/* Begin PBXResourcesBuildPhase section */
		1D60588D0D05DD3D006BFB54 /* Resources */ = {
			isa = PBXResourcesBuildPhase;
			buildActionMask = 2147483647;
			files = (
				28AD733F0D9D9553002E5188 /* MainWindow.xib in Resources */,
			);
			runOnlyForDeploymentPostprocessing = 0;
		};
		8C80951C1225CBC1005C707E /* Resources */ = {
			isa = PBXResourcesBuildPhase;
			buildActionMask = 2147483647;
			files = (
			);
			runOnlyForDeploymentPostprocessing = 0;
		};
/* End PBXResourcesBuildPhase section */

/* Begin PBXShellScriptBuildPhase section */
		8C80951F1225CBC1005C707E /* ShellScript */ = {
			isa = PBXShellScriptBuildPhase;
			buildActionMask = 2147483647;
			files = (
			);
			inputPaths = (
			);
			outputPaths = (
			);
			runOnlyForDeploymentPostprocessing = 0;
			shellPath = /bin/sh;
			shellScript = "# Run the unit tests in this test bundle.\n\"${SYSTEM_DEVELOPER_DIR}/Tools/RunUnitTests\"\n";
		};
/* End PBXShellScriptBuildPhase section */

/* Begin PBXSourcesBuildPhase section */
		1D60588E0D05DD3D006BFB54 /* Sources */ = {
			isa = PBXSourcesBuildPhase;
			buildActionMask = 2147483647;
			files = (
				1D60589B0D05DD56006BFB54 /* main.m in Sources */,
				1D3623260D0F684500981E51 /* SocialBookAppDelegate.m in Sources */,
				181BAECA0DECE49D00C4C494 /* SocialBookWebService.m in Sources */,
				181BAECF0DECE77F00C4C494 /* WebPerson.m in Sources */,
				1819FE2E0DEF0C6300138068 /* SocialPeopleTableViewController.m in Sources */,
			);
			runOnlyForDeploymentPostprocessing = 0;
		};
		8C80951D1225CBC1005C707E /* Sources */ = {
			isa = PBXSourcesBuildPhase;
			buildActionMask = 2147483647;
			files = (
				8C3371161225DF5000BD89A7 /* PersonTests.m in Sources */,
				8C33715D1225E0E900BD89A7 /* WebPerson.m in Sources */,
			);
			runOnlyForDeploymentPostprocessing = 0;
		};
/* End PBXSourcesBuildPhase section */

/* Begin PBXTargetDependency section */
		8C8095271225CC27005C707E /* PBXTargetDependency */ = {
			isa = PBXTargetDependency;
			target = 1D6058900D05DD3D006BFB54 /* SocialBook */;
			targetProxy = 8C8095261225CC27005C707E /* PBXContainerItemProxy */;
		};
/* End PBXTargetDependency section */

/* Begin XCBuildConfiguration section */
		1D6058940D05DD3E006BFB54 /* Debug */ = {
			isa = XCBuildConfiguration;
			buildSettings = {
				ALWAYS_SEARCH_USER_PATHS = NO;
				COPY_PHASE_STRIP = NO;
				GCC_DYNAMIC_NO_PIC = NO;
				GCC_OPTIMIZATION_LEVEL = 0;
				GCC_PRECOMPILE_PREFIX_HEADER = YES;
				GCC_PREFIX_HEADER = SocialBook_Prefix.pch;
				INFOPLIST_FILE = Info.plist;
				PRODUCT_NAME = SocialBook;
			};
			name = Debug;
		};
		1D6058950D05DD3E006BFB54 /* Release */ = {
			isa = XCBuildConfiguration;
			buildSettings = {
				ALWAYS_SEARCH_USER_PATHS = NO;
				COPY_PHASE_STRIP = YES;
				GCC_PRECOMPILE_PREFIX_HEADER = YES;
				GCC_PREFIX_HEADER = SocialBook_Prefix.pch;
				INFOPLIST_FILE = Info.plist;
				PRODUCT_NAME = SocialBook;
			};
			name = Release;
		};
		8C8095231225CBC2005C707E /* Debug */ = {
			isa = XCBuildConfiguration;
			buildSettings = {
				ALWAYS_SEARCH_USER_PATHS = NO;
				"CODE_SIGN_IDENTITY[sdk=iphoneos*]" = "";
				COPY_PHASE_STRIP = NO;
				FRAMEWORK_SEARCH_PATHS = (
					"\"$(SDKROOT)/Developer/Library/Frameworks\"",
					"\"$(DEVELOPER_LIBRARY_DIR)/Frameworks\"",
				);
				GCC_DYNAMIC_NO_PIC = NO;
				GCC_ENABLE_FIX_AND_CONTINUE = NO;
				GCC_ENABLE_OBJC_EXCEPTIONS = YES;
				GCC_OPTIMIZATION_LEVEL = 0;
				INFOPLIST_FILE = "UnitTests-Info.plist";
				OTHER_LDFLAGS = (
					"-framework",
					Foundation,
					"-framework",
					SenTestingKit,
					"-framework",
					UIKit,
				);
				PREBINDING = NO;
				PRODUCT_NAME = UnitTests;
				WRAPPER_EXTENSION = octest;
			};
			name = Debug;
		};
		8C8095241225CBC2005C707E /* Release */ = {
			isa = XCBuildConfiguration;
			buildSettings = {
				ALWAYS_SEARCH_USER_PATHS = NO;
				"CODE_SIGN_IDENTITY[sdk=iphoneos*]" = "";
				COPY_PHASE_STRIP = YES;
				DEBUG_INFORMATION_FORMAT = "dwarf-with-dsym";
				FRAMEWORK_SEARCH_PATHS = (
					"\"$(SDKROOT)/Developer/Library/Frameworks\"",
					"\"$(DEVELOPER_LIBRARY_DIR)/Frameworks\"",
				);
				GCC_ENABLE_FIX_AND_CONTINUE = NO;
				GCC_ENABLE_OBJC_EXCEPTIONS = YES;
				INFOPLIST_FILE = "UnitTests-Info.plist";
				OTHER_LDFLAGS = (
					"-framework",
					Foundation,
					"-framework",
					SenTestingKit,
					"-framework",
					UIKit,
				);
				PREBINDING = NO;
				PRODUCT_NAME = UnitTests;
				WRAPPER_EXTENSION = octest;
				ZERO_LINK = NO;
			};
			name = Release;
		};
		C01FCF4F08A954540054247B /* Debug */ = {
			isa = XCBuildConfiguration;
			buildSettings = {
				ARCHS = "$(ARCHS_STANDARD_32_BIT)";
				"CODE_SIGN_IDENTITY[sdk=iphoneos*]" = "iPhone Developer";
				GCC_C_LANGUAGE_STANDARD = c99;
				GCC_WARN_ABOUT_RETURN_TYPE = YES;
				GCC_WARN_UNUSED_VARIABLE = YES;
				ONLY_ACTIVE_ARCH = YES;
				PREBINDING = NO;
				SDKROOT = iphonesimulator4.0;
			};
			name = Debug;
		};
		C01FCF5008A954540054247B /* Release */ = {
			isa = XCBuildConfiguration;
			buildSettings = {
				ARCHS = "$(ARCHS_STANDARD_32_BIT)";
				"CODE_SIGN_IDENTITY[sdk=iphoneos*]" = "iPhone Developer";
				GCC_C_LANGUAGE_STANDARD = c99;
				GCC_WARN_ABOUT_RETURN_TYPE = YES;
				GCC_WARN_UNUSED_VARIABLE = YES;
				PREBINDING = NO;
				SDKROOT = iphonesimulator4.0;
			};
			name = Release;
		};
/* End XCBuildConfiguration section */

/* Begin XCConfigurationList section */
		1D6058960D05DD3E006BFB54 /* Build configuration list for PBXNativeTarget "SocialBook" */ = {
			isa = XCConfigurationList;
			buildConfigurations = (
				1D6058940D05DD3E006BFB54 /* Debug */,
				1D6058950D05DD3E006BFB54 /* Release */,
			);
			defaultConfigurationIsVisible = 0;
			defaultConfigurationName = Release;
		};
		8C8095251225CBC2005C707E /* Build configuration list for PBXNativeTarget "UnitTests" */ = {
			isa = XCConfigurationList;
			buildConfigurations = (
				8C8095231225CBC2005C707E /* Debug */,
				8C8095241225CBC2005C707E /* Release */,
			);
			defaultConfigurationIsVisible = 0;
			defaultConfigurationName = Release;
		};
		C01FCF4E08A954540054247B /* Build configuration list for PBXProject "SocialBook" */ = {
			isa = XCConfigurationList;
			buildConfigurations = (
				C01FCF4F08A954540054247B /* Debug */,
				C01FCF5008A954540054247B /* Release */,
			);
			defaultConfigurationIsVisible = 0;
			defaultConfigurationName = Release;
		};
/* End XCConfigurationList section */
	};
	rootObject = 29B97313FDCFA39411CA2CEA /* Project object */;
}
