// !$*UTF8*$!
{
	archiveVersion = 1;
	classes = {
	};
	objectVersion = 45;
	objects = {

/* Begin PBXBuildFile section */
		1D3623260D0F684500981E51 /* MultiTouchDemoAppDelegate.m in Sources */ = {isa = PBXBuildFile; fileRef = 1D3623250D0F684500981E51 /* MultiTouchDemoAppDelegate.m */; };
		1D60589B0D05DD56006BFB54 /* main.m in Sources */ = {isa = PBXBuildFile; fileRef = 29B97316FDCFA39411CA2CEA /* main.m */; };
		1D60589F0D05DD5A006BFB54 /* Foundation.framework in Frameworks */ = {isa = PBXBuildFile; fileRef = 1D30AB110D05D00D00671497 /* Foundation.framework */; };
		1DF5F4E00D08C38300B7A737 /* UIKit.framework in Frameworks */ = {isa = PBXBuildFile; fileRef = 1DF5F4DF0D08C38300B7A737 /* UIKit.framework */; };
		2899E5220DE3E06400AC0155 /* MultiTouchDemoViewController.xib in Resources */ = {isa = PBXBuildFile; fileRef = 2899E5210DE3E06400AC0155 /* MultiTouchDemoViewController.xib */; };
		28AD733F0D9D9553002E5188 /* MainWindow.xib in Resources */ = {isa = PBXBuildFile; fileRef = 28AD733E0D9D9553002E5188 /* MainWindow.xib */; };
		28D7ACF80DDB3853001CB0EB /* MultiTouchDemoViewController.m in Sources */ = {isa = PBXBuildFile; fileRef = 28D7ACF70DDB3853001CB0EB /* MultiTouchDemoViewController.m */; };
		8CD6E5AD1221CA480063CD6A /* aircraft2.png in Resources */ = {isa = PBXBuildFile; fileRef = 8CD6E5AC1221CA480063CD6A /* aircraft2.png */; };
		8CD6E5B11221CC060063CD6A /* sky.png in Resources */ = {isa = PBXBuildFile; fileRef = 8CD6E5B01221CC060063CD6A /* sky.png */; };
		8CD6E5B71221CE670063CD6A /* aircraft.png in Resources */ = {isa = PBXBuildFile; fileRef = 8CD6E5B61221CE670063CD6A /* aircraft.png */; };
		962A269A0DEFA63800A51639 /* TouchImageView.m in Sources */ = {isa = PBXBuildFile; fileRef = 962A26990DEFA63800A51639 /* TouchImageView.m */; };
		962A26F20DEFC35B00A51639 /* CoreGraphics.framework in Frameworks */ = {isa = PBXBuildFile; fileRef = 962A26F10DEFC35B00A51639 /* CoreGraphics.framework */; };
		965DB6710DF65F53006A9048 /* TouchImageView_Private.m in Sources */ = {isa = PBXBuildFile; fileRef = 965DB6700DF65F53006A9048 /* TouchImageView_Private.m */; };
/* End PBXBuildFile section */

/* Begin PBXFileReference section */
		1D30AB110D05D00D00671497 /* Foundation.framework */ = {isa = PBXFileReference; lastKnownFileType = wrapper.framework; name = Foundation.framework; path = System/Library/Frameworks/Foundation.framework; sourceTree = SDKROOT; };
		1D3623240D0F684500981E51 /* MultiTouchDemoAppDelegate.h */ = {isa = PBXFileReference; fileEncoding = 4; lastKnownFileType = sourcecode.c.h; path = MultiTouchDemoAppDelegate.h; sourceTree = "<group>"; };
		1D3623250D0F684500981E51 /* MultiTouchDemoAppDelegate.m */ = {isa = PBXFileReference; fileEncoding = 4; lastKnownFileType = sourcecode.c.objc; path = MultiTouchDemoAppDelegate.m; sourceTree = "<group>"; };
		1D6058910D05DD3D006BFB54 /* MultiTouchDemo.app */ = {isa = PBXFileReference; explicitFileType = wrapper.application; includeInIndex = 0; path = MultiTouchDemo.app; sourceTree = BUILT_PRODUCTS_DIR; };
		1DF5F4DF0D08C38300B7A737 /* UIKit.framework */ = {isa = PBXFileReference; lastKnownFileType = wrapper.framework; name = UIKit.framework; path = System/Library/Frameworks/UIKit.framework; sourceTree = SDKROOT; };
		2899E5210DE3E06400AC0155 /* MultiTouchDemoViewController.xib */ = {isa = PBXFileReference; lastKnownFileType = file.xib; path = MultiTouchDemoViewController.xib; sourceTree = "<group>"; };
		28AD733E0D9D9553002E5188 /* MainWindow.xib */ = {isa = PBXFileReference; lastKnownFileType = file.xib; path = MainWindow.xib; sourceTree = "<group>"; };
		28D7ACF60DDB3853001CB0EB /* MultiTouchDemoViewController.h */ = {isa = PBXFileReference; fileEncoding = 4; lastKnownFileType = sourcecode.c.h; path = MultiTouchDemoViewController.h; sourceTree = "<group>"; };
		28D7ACF70DDB3853001CB0EB /* MultiTouchDemoViewController.m */ = {isa = PBXFileReference; fileEncoding = 4; lastKnownFileType = sourcecode.c.objc; path = MultiTouchDemoViewController.m; sourceTree = "<group>"; };
		29B97316FDCFA39411CA2CEA /* main.m */ = {isa = PBXFileReference; fileEncoding = 4; lastKnownFileType = sourcecode.c.objc; path = main.m; sourceTree = "<group>"; };
		32CA4F630368D1EE00C91783 /* MultiTouchDemo_Prefix.pch */ = {isa = PBXFileReference; fileEncoding = 4; lastKnownFileType = sourcecode.c.h; path = MultiTouchDemo_Prefix.pch; sourceTree = "<group>"; };
		8CD6E5AC1221CA480063CD6A /* aircraft2.png */ = {isa = PBXFileReference; lastKnownFileType = image.png; path = aircraft2.png; sourceTree = "<group>"; };
		8CD6E5B01221CC060063CD6A /* sky.png */ = {isa = PBXFileReference; lastKnownFileType = image.png; path = sky.png; sourceTree = "<group>"; };
		8CD6E5B61221CE670063CD6A /* aircraft.png */ = {isa = PBXFileReference; lastKnownFileType = image.png; path = aircraft.png; sourceTree = "<group>"; };
		8D1107310486CEB800E47090 /* Info.plist */ = {isa = PBXFileReference; fileEncoding = 4; lastKnownFileType = text.plist.xml; path = Info.plist; sourceTree = "<group>"; };
		962A26980DEFA63800A51639 /* TouchImageView.h */ = {isa = PBXFileReference; fileEncoding = 4; lastKnownFileType = sourcecode.c.h; path = TouchImageView.h; sourceTree = "<group>"; };
		962A26990DEFA63800A51639 /* TouchImageView.m */ = {isa = PBXFileReference; fileEncoding = 4; lastKnownFileType = sourcecode.c.objc; path = TouchImageView.m; sourceTree = "<group>"; };
		962A26F10DEFC35B00A51639 /* CoreGraphics.framework */ = {isa = PBXFileReference; lastKnownFileType = wrapper.framework; name = CoreGraphics.framework; path = System/Library/Frameworks/CoreGraphics.framework; sourceTree = SDKROOT; };
		965DB66F0DF65F3C006A9048 /* TouchImageView_Private.h */ = {isa = PBXFileReference; fileEncoding = 4; lastKnownFileType = sourcecode.c.h; name = TouchImageView_Private.h; path = Classes/TouchImageView_Private.h; sourceTree = "<group>"; };
		965DB6700DF65F53006A9048 /* TouchImageView_Private.m */ = {isa = PBXFileReference; fileEncoding = 4; lastKnownFileType = sourcecode.c.objc; name = TouchImageView_Private.m; path = Classes/TouchImageView_Private.m; sourceTree = "<group>"; };
/* End PBXFileReference section */

/* Begin PBXFrameworksBuildPhase section */
		1D60588F0D05DD3D006BFB54 /* Frameworks */ = {
			isa = PBXFrameworksBuildPhase;
			buildActionMask = 2147483647;
			files = (
				1D60589F0D05DD5A006BFB54 /* Foundation.framework in Frameworks */,
				1DF5F4E00D08C38300B7A737 /* UIKit.framework in Frameworks */,
				962A26F20DEFC35B00A51639 /* CoreGraphics.framework in Frameworks */,
			);
			runOnlyForDeploymentPostprocessing = 0;
		};
/* End PBXFrameworksBuildPhase section */

/* Begin PBXGroup section */
		080E96DDFE201D6D7F000001 /* Classes */ = {
			isa = PBXGroup;
			children = (
				1D3623240D0F684500981E51 /* MultiTouchDemoAppDelegate.h */,
				1D3623250D0F684500981E51 /* MultiTouchDemoAppDelegate.m */,
				28D7ACF60DDB3853001CB0EB /* MultiTouchDemoViewController.h */,
				28D7ACF70DDB3853001CB0EB /* MultiTouchDemoViewController.m */,
				962A26980DEFA63800A51639 /* TouchImageView.h */,
				962A26990DEFA63800A51639 /* TouchImageView.m */,
			);
			path = Classes;
			sourceTree = "<group>";
		};
		19C28FACFE9D520D11CA2CBB /* Products */ = {
			isa = PBXGroup;
			children = (
				1D6058910D05DD3D006BFB54 /* MultiTouchDemo.app */,
			);
			name = Products;
			sourceTree = "<group>";
		};
		29B97314FDCFA39411CA2CEA /* CustomTemplate */ = {
			isa = PBXGroup;
			children = (
				080E96DDFE201D6D7F000001 /* Classes */,
				29B97315FDCFA39411CA2CEA /* Other Sources */,
				29B97317FDCFA39411CA2CEA /* Resources */,
				29B97323FDCFA39411CA2CEA /* Frameworks */,
				19C28FACFE9D520D11CA2CBB /* Products */,
			);
			name = CustomTemplate;
			sourceTree = "<group>";
		};
		29B97315FDCFA39411CA2CEA /* Other Sources */ = {
			isa = PBXGroup;
			children = (
				32CA4F630368D1EE00C91783 /* MultiTouchDemo_Prefix.pch */,
				29B97316FDCFA39411CA2CEA /* main.m */,
				965DB66F0DF65F3C006A9048 /* TouchImageView_Private.h */,
				965DB6700DF65F53006A9048 /* TouchImageView_Private.m */,
			);
			name = "Other Sources";
			sourceTree = "<group>";
		};
		29B97317FDCFA39411CA2CEA /* Resources */ = {
			isa = PBXGroup;
			children = (
				8CD6E5B61221CE670063CD6A /* aircraft.png */,
				8CD6E5B01221CC060063CD6A /* sky.png */,
				8CD6E5AC1221CA480063CD6A /* aircraft2.png */,
				2899E5210DE3E06400AC0155 /* MultiTouchDemoViewController.xib */,
				28AD733E0D9D9553002E5188 /* MainWindow.xib */,
				8D1107310486CEB800E47090 /* Info.plist */,
			);
			name = Resources;
			sourceTree = "<group>";
		};
		29B97323FDCFA39411CA2CEA /* Frameworks */ = {
			isa = PBXGroup;
			children = (
				962A26F10DEFC35B00A51639 /* CoreGraphics.framework */,
				1DF5F4DF0D08C38300B7A737 /* UIKit.framework */,
				1D30AB110D05D00D00671497 /* Foundation.framework */,
			);
			name = Frameworks;
			sourceTree = "<group>";
		};
/* End PBXGroup section */

/* Begin PBXNativeTarget section */
		1D6058900D05DD3D006BFB54 /* MultiTouchDemo */ = {
			isa = PBXNativeTarget;
			buildConfigurationList = 1D6058960D05DD3E006BFB54 /* Build configuration list for PBXNativeTarget "MultiTouchDemo" */;
			buildPhases = (
				1D60588D0D05DD3D006BFB54 /* Resources */,
				1D60588E0D05DD3D006BFB54 /* Sources */,
				1D60588F0D05DD3D006BFB54 /* Frameworks */,
			);
			buildRules = (
			);
			dependencies = (
			);
			name = MultiTouchDemo;
			productName = MultiTouchDemo;
			productReference = 1D6058910D05DD3D006BFB54 /* MultiTouchDemo.app */;
			productType = "com.apple.product-type.application";
		};
/* End PBXNativeTarget section */

/* Begin PBXProject section */
		29B97313FDCFA39411CA2CEA /* Project object */ = {
			isa = PBXProject;
			buildConfigurationList = C01FCF4E08A954540054247B /* Build configuration list for PBXProject "MultiTouchDemo" */;
			compatibilityVersion = "Xcode 3.1";
			hasScannedForEncodings = 1;
			mainGroup = 29B97314FDCFA39411CA2CEA /* CustomTemplate */;
			projectDirPath = "";
			projectRoot = "";
			targets = (
				1D6058900D05DD3D006BFB54 /* MultiTouchDemo */,
			);
		};
/* End PBXProject section */

/* Begin PBXResourcesBuildPhase section */
		1D60588D0D05DD3D006BFB54 /* Resources */ = {
			isa = PBXResourcesBuildPhase;
			buildActionMask = 2147483647;
			files = (
				28AD733F0D9D9553002E5188 /* MainWindow.xib in Resources */,
				2899E5220DE3E06400AC0155 /* MultiTouchDemoViewController.xib in Resources */,
				8CD6E5AD1221CA480063CD6A /* aircraft2.png in Resources */,
				8CD6E5B11221CC060063CD6A /* sky.png in Resources */,
				8CD6E5B71221CE670063CD6A /* aircraft.png in Resources */,
			);
			runOnlyForDeploymentPostprocessing = 0;
		};
/* End PBXResourcesBuildPhase section */

/* Begin PBXSourcesBuildPhase section */
		1D60588E0D05DD3D006BFB54 /* Sources */ = {
			isa = PBXSourcesBuildPhase;
			buildActionMask = 2147483647;
			files = (
				1D60589B0D05DD56006BFB54 /* main.m in Sources */,
				1D3623260D0F684500981E51 /* MultiTouchDemoAppDelegate.m in Sources */,
				28D7ACF80DDB3853001CB0EB /* MultiTouchDemoViewController.m in Sources */,
				962A269A0DEFA63800A51639 /* TouchImageView.m in Sources */,
				965DB6710DF65F53006A9048 /* TouchImageView_Private.m in Sources */,
			);
			runOnlyForDeploymentPostprocessing = 0;
		};
/* End PBXSourcesBuildPhase section */

/* Begin XCBuildConfiguration section */
		1D6058940D05DD3E006BFB54 /* Development */ = {
			isa = XCBuildConfiguration;
			buildSettings = {
				ALWAYS_SEARCH_USER_PATHS = NO;
				COPY_PHASE_STRIP = NO;
				GCC_DYNAMIC_NO_PIC = NO;
				GCC_OPTIMIZATION_LEVEL = 0;
				GCC_PRECOMPILE_PREFIX_HEADER = YES;
				GCC_PREFIX_HEADER = MultiTouchDemo_Prefix.pch;
				INFOPLIST_FILE = Info.plist;
				PRODUCT_NAME = MultiTouchDemo;
			};
			name = Development;
		};
		1D6058950D05DD3E006BFB54 /* Release */ = {
			isa = XCBuildConfiguration;
			buildSettings = {
				ALWAYS_SEARCH_USER_PATHS = NO;
				COPY_PHASE_STRIP = YES;
				GCC_PRECOMPILE_PREFIX_HEADER = YES;
				GCC_PREFIX_HEADER = MultiTouchDemo_Prefix.pch;
				INFOPLIST_FILE = Info.plist;
				PRODUCT_NAME = MultiTouchDemo;
			};
			name = Release;
		};
		962A28910DF06A9D00A51639 /* Development_Hardware */ = {
			isa = XCBuildConfiguration;
			buildSettings = {
				ARCHS = "$(ARCHS_STANDARD_32_BIT)";
				GCC_C_LANGUAGE_STANDARD = c99;
				GCC_WARN_ABOUT_RETURN_TYPE = YES;
				GCC_WARN_UNUSED_VARIABLE = YES;
				ONLY_ACTIVE_ARCH = YES;
				PREBINDING = NO;
				SDKROOT = iphonesimulator4.0;
			};
			name = Development_Hardware;
		};
		962A28920DF06A9D00A51639 /* Development_Hardware */ = {
			isa = XCBuildConfiguration;
			buildSettings = {
				ALWAYS_SEARCH_USER_PATHS = NO;
				COPY_PHASE_STRIP = NO;
				GCC_DYNAMIC_NO_PIC = NO;
				GCC_OPTIMIZATION_LEVEL = 0;
				GCC_PRECOMPILE_PREFIX_HEADER = YES;
				GCC_PREFIX_HEADER = MultiTouchDemo_Prefix.pch;
				INFOPLIST_FILE = Info.plist;
				PRODUCT_NAME = MultiTouchDemo;
			};
			name = Development_Hardware;
		};
		96B1F1770E002E4C002EEB46 /* Debug */ = {
			isa = XCBuildConfiguration;
			buildSettings = {
				ARCHS = "$(ARCHS_STANDARD_32_BIT)";
				"CODE_SIGN_IDENTITY[sdk=iphoneos*]" = "iPhone Developer";
				GCC_C_LANGUAGE_STANDARD = c99;
				GCC_WARN_ABOUT_RETURN_TYPE = YES;
				GCC_WARN_UNUSED_VARIABLE = YES;
				ONLY_ACTIVE_ARCH = YES;
				PREBINDING = NO;
				SDKROOT = iphonesimulator4.0;
			};
			name = Debug;
		};
		96B1F1780E002E4C002EEB46 /* Debug */ = {
			isa = XCBuildConfiguration;
			buildSettings = {
				ALWAYS_SEARCH_USER_PATHS = NO;
				COPY_PHASE_STRIP = NO;
				GCC_DYNAMIC_NO_PIC = NO;
				GCC_OPTIMIZATION_LEVEL = 0;
				GCC_PRECOMPILE_PREFIX_HEADER = YES;
				GCC_PREFIX_HEADER = MultiTouchDemo_Prefix.pch;
				INFOPLIST_FILE = Info.plist;
				PRODUCT_NAME = MultiTouchDemo;
			};
			name = Debug;
		};
		C01FCF4F08A954540054247B /* Development */ = {
			isa = XCBuildConfiguration;
			buildSettings = {
				ARCHS = "$(ARCHS_STANDARD_32_BIT)";
				"CODE_SIGN_IDENTITY[sdk=iphoneos*]" = "iPhone Developer";
				GCC_C_LANGUAGE_STANDARD = c99;
				GCC_WARN_ABOUT_RETURN_TYPE = YES;
				GCC_WARN_UNUSED_VARIABLE = YES;
				ONLY_ACTIVE_ARCH = YES;
				PREBINDING = NO;
				SDKROOT = iphonesimulator4.0;
			};
			name = Development;
		};
		C01FCF5008A954540054247B /* Release */ = {
			isa = XCBuildConfiguration;
			buildSettings = {
				ARCHS = "$(ARCHS_STANDARD_32_BIT)";
				"CODE_SIGN_IDENTITY[sdk=iphoneos*]" = "iPhone Developer";
				GCC_C_LANGUAGE_STANDARD = c99;
				GCC_WARN_ABOUT_RETURN_TYPE = YES;
				GCC_WARN_UNUSED_VARIABLE = YES;
				PREBINDING = NO;
				SDKROOT = iphonesimulator4.0;
			};
			name = Release;
		};
/* End XCBuildConfiguration section */

/* Begin XCConfigurationList section */
		1D6058960D05DD3E006BFB54 /* Build configuration list for PBXNativeTarget "MultiTouchDemo" */ = {
			isa = XCConfigurationList;
			buildConfigurations = (
				1D6058940D05DD3E006BFB54 /* Development */,
				96B1F1780E002E4C002EEB46 /* Debug */,
				962A28920DF06A9D00A51639 /* Development_Hardware */,
				1D6058950D05DD3E006BFB54 /* Release */,
			);
			defaultConfigurationIsVisible = 0;
			defaultConfigurationName = Release;
		};
		C01FCF4E08A954540054247B /* Build configuration list for PBXProject "MultiTouchDemo" */ = {
			isa = XCConfigurationList;
			buildConfigurations = (
				C01FCF4F08A954540054247B /* Development */,
				96B1F1770E002E4C002EEB46 /* Debug */,
				962A28910DF06A9D00A51639 /* Development_Hardware */,
				C01FCF5008A954540054247B /* Release */,
			);
			defaultConfigurationIsVisible = 0;
			defaultConfigurationName = Release;
		};
/* End XCConfigurationList section */
	};
	rootObject = 29B97313FDCFA39411CA2CEA /* Project object */;
}
